
Microsoft Visual Studio Solution File, Format Version 12.00
# Visual Studio Version 17
VisualStudioVersion = 17.5.33530.505
MinimumVisualStudioVersion = 10.0.40219.1
Project("{9A19103F-16F7-4668-BE54-9A1E7A4F7556}") = "WarehouseManagement.Domain", "Warehouse.Management.Domain\WarehouseManagement.Domain.csproj", "{0D9DB6E3-8660-4DCE-9970-905961F797B2}"
EndProject
Project("{9A19103F-16F7-4668-BE54-9A1E7A4F7556}") = "WarehouseManagement.EF.Console", "WarehouseManagement.App\WarehouseManagement.EF.Console.csproj", "{24286BF9-3FC8-4676-A3E3-F623A7C8E573}"
EndProject
Project("{FAE04EC0-301F-11D3-BF4B-00C04F79EFBC}") = "WarehouseManagement.ADO.Console", "WarehouseManagement.ADO.Console\WarehouseManagement.ADO.Console.csproj", "{1A4BC4E5-C273-478E-84CA-08DEACF5BD27}"
EndProject
Project("{FAE04EC0-301F-11D3-BF4B-00C04F79EFBC}") = "WarehouseManagement.Web", "WarehouseManagement.Web\WarehouseManagement.Web.csproj", "{30B45F16-FD3F-4056-B610-627D2B5467A0}"
EndProject
Project("{FAE04EC0-301F-11D3-BF4B-00C04F79EFBC}") = "WarehouseManagement.Infra", "WarehouseManagement.Infra\WarehouseManagement.Infra.csproj", "{7828F031-3CDD-4C18-8430-AF796215B314}"
EndProject
Global
	GlobalSection(SolutionConfigurationPlatforms) = preSolution
		Debug|Any CPU = Debug|Any CPU
		Release|Any CPU = Release|Any CPU
	EndGlobalSection
	GlobalSection(ProjectConfigurationPlatforms) = postSolution
		{0D9DB6E3-8660-4DCE-9970-905961F797B2}.Debug|Any CPU.ActiveCfg = Debug|Any CPU
		{0D9DB6E3-8660-4DCE-9970-905961F797B2}.Debug|Any CPU.Build.0 = Debug|Any CPU
		{0D9DB6E3-8660-4DCE-9970-905961F797B2}.Release|Any CPU.ActiveCfg = Release|Any CPU
		{0D9DB6E3-8660-4DCE-9970-905961F797B2}.Release|Any CPU.Build.0 = Release|Any CPU
		{24286BF9-3FC8-4676-A3E3-F623A7C8E573}.Debug|Any CPU.ActiveCfg = Debug|Any CPU
		{24286BF9-3FC8-4676-A3E3-F623A7C8E573}.Debug|Any CPU.Build.0 = Debug|Any CPU
		{24286BF9-3FC8-4676-A3E3-F623A7C8E573}.Release|Any CPU.ActiveCfg = Release|Any CPU
		{24286BF9-3FC8-4676-A3E3-F623A7C8E573}.Release|Any CPU.Build.0 = Release|Any CPU
		{1A4BC4E5-C273-478E-84CA-08DEACF5BD27}.Debug|Any CPU.ActiveCfg = Debug|Any CPU
		{1A4BC4E5-C273-478E-84CA-08DEACF5BD27}.Debug|Any CPU.Build.0 = Debug|Any CPU
		{1A4BC4E5-C273-478E-84CA-08DEACF5BD27}.Release|Any CPU.ActiveCfg = Release|Any CPU
		{1A4BC4E5-C273-478E-84CA-08DEACF5BD27}.Release|Any CPU.Build.0 = Release|Any CPU
		{30B45F16-FD3F-4056-B610-627D2B5467A0}.Debug|Any CPU.ActiveCfg = Debug|Any CPU
		{30B45F16-FD3F-4056-B610-627D2B5467A0}.Debug|Any CPU.Build.0 = Debug|Any CPU
		{30B45F16-FD3F-4056-B610-627D2B5467A0}.Release|Any CPU.ActiveCfg = Release|Any CPU
		{30B45F16-FD3F-4056-B610-627D2B5467A0}.Release|Any CPU.Build.0 = Release|Any CPU
		{7828F031-3CDD-4C18-8430-AF796215B314}.Debug|Any CPU.ActiveCfg = Debug|Any CPU
		{7828F031-3CDD-4C18-8430-AF796215B314}.Debug|Any CPU.Build.0 = Debug|Any CPU
		{7828F031-3CDD-4C18-8430-AF796215B314}.Release|Any CPU.ActiveCfg = Release|Any CPU
		{7828F031-3CDD-4C18-8430-AF796215B314}.Release|Any CPU.Build.0 = Release|Any CPU
	EndGlobalSection
	GlobalSection(SolutionProperties) = preSolution
		HideSolutionNode = FALSE
	EndGlobalSection
	GlobalSection(ExtensibilityGlobals) = postSolution
		SolutionGuid = {40982BC9-C089-43E8-B0F6-06903DC7B4AC}
	EndGlobalSection
EndGlobal
